// !$*UTF8*$!
{
	archiveVersion = 1;
	classes = {
	};
	objectVersion = 46;
	objects = {

/* Begin PBXBuildFile section */
		2C295FFD1EB96C4B0010FDD8 /* AppDelegate.swift in Sources */ = {isa = PBXBuildFile; fileRef = 2C295FFC1EB96C4B0010FDD8 /* AppDelegate.swift */; };
		2C295FFF1EB96C4B0010FDD8 /* ViewController.swift in Sources */ = {isa = PBXBuildFile; fileRef = 2C295FFE1EB96C4B0010FDD8 /* ViewController.swift */; };
		2C2960021EB96C4B0010FDD8 /* Main.storyboard in Resources */ = {isa = PBXBuildFile; fileRef = 2C2960001EB96C4B0010FDD8 /* Main.storyboard */; };
		2C2960041EB96C4B0010FDD8 /* Assets.xcassets in Resources */ = {isa = PBXBuildFile; fileRef = 2C2960031EB96C4B0010FDD8 /* Assets.xcassets */; };
		2C2960071EB96C4B0010FDD8 /* LaunchScreen.storyboard in Resources */ = {isa = PBXBuildFile; fileRef = 2C2960051EB96C4B0010FDD8 /* LaunchScreen.storyboard */; };
		2C2960131EB972B60010FDD8 /* HockeySDK.framework in Frameworks */ = {isa = PBXBuildFile; fileRef = 2C2960111EB972B60010FDD8 /* HockeySDK.framework */; };
		2C2960141EB972B60010FDD8 /* HockeySDKResources.bundle in Resources */ = {isa = PBXBuildFile; fileRef = 2C2960121EB972B60010FDD8 /* HockeySDKResources.bundle */; };
/* End PBXBuildFile section */

/* Begin PBXFileReference section */
		2C295FF91EB96C4B0010FDD8 /* HockeyAppExample.app */ = {isa = PBXFileReference; explicitFileType = wrapper.application; includeInIndex = 0; path = HockeyAppExample.app; sourceTree = BUILT_PRODUCTS_DIR; };
		2C295FFC1EB96C4B0010FDD8 /* AppDelegate.swift */ = {isa = PBXFileReference; lastKnownFileType = sourcecode.swift; path = AppDelegate.swift; sourceTree = "<group>"; };
		2C295FFE1EB96C4B0010FDD8 /* ViewController.swift */ = {isa = PBXFileReference; lastKnownFileType = sourcecode.swift; path = ViewController.swift; sourceTree = "<group>"; };
		2C2960011EB96C4B0010FDD8 /* Base */ = {isa = PBXFileReference; lastKnownFileType = file.storyboard; name = Base; path = Base.lproj/Main.storyboard; sourceTree = "<group>"; };
		2C2960031EB96C4B0010FDD8 /* Assets.xcassets */ = {isa = PBXFileReference; lastKnownFileType = folder.assetcatalog; path = Assets.xcassets; sourceTree = "<group>"; };
		2C2960061EB96C4B0010FDD8 /* Base */ = {isa = PBXFileReference; lastKnownFileType = file.storyboard; name = Base; path = Base.lproj/LaunchScreen.storyboard; sourceTree = "<group>"; };
		2C2960081EB96C4B0010FDD8 /* Info.plist */ = {isa = PBXFileReference; lastKnownFileType = text.plist.xml; path = Info.plist; sourceTree = "<group>"; };
		2C2960111EB972B60010FDD8 /* HockeySDK.framework */ = {isa = PBXFileReference; lastKnownFileType = wrapper.framework; path = HockeySDK.framework; sourceTree = "<group>"; };
		2C2960121EB972B60010FDD8 /* HockeySDKResources.bundle */ = {isa = PBXFileReference; lastKnownFileType = "wrapper.plug-in"; path = HockeySDKResources.bundle; sourceTree = "<group>"; };
/* End PBXFileReference section */

/* Begin PBXFrameworksBuildPhase section */
		2C295FF61EB96C4B0010FDD8 /* Frameworks */ = {
			isa = PBXFrameworksBuildPhase;
			buildActionMask = 2147483647;
			files = (
				2C2960131EB972B60010FDD8 /* HockeySDK.framework in Frameworks */,
			);
			runOnlyForDeploymentPostprocessing = 0;
		};
/* End PBXFrameworksBuildPhase section */

/* Begin PBXGroup section */
		2C295FF01EB96C4B0010FDD8 = {
			isa = PBXGroup;
			children = (
				2C29600F1EB972960010FDD8 /* Frameworks */,
				2C295FFB1EB96C4B0010FDD8 /* HockeyAppExample */,
				2C295FFA1EB96C4B0010FDD8 /* Products */,
			);
			sourceTree = "<group>";
		};
		2C295FFA1EB96C4B0010FDD8 /* Products */ = {
			isa = PBXGroup;
			children = (
				2C295FF91EB96C4B0010FDD8 /* HockeyAppExample.app */,
			);
			name = Products;
			sourceTree = "<group>";
		};
		2C295FFB1EB96C4B0010FDD8 /* HockeyAppExample */ = {
			isa = PBXGroup;
			children = (
				2C295FFC1EB96C4B0010FDD8 /* AppDelegate.swift */,
				2C295FFE1EB96C4B0010FDD8 /* ViewController.swift */,
				2C2960001EB96C4B0010FDD8 /* Main.storyboard */,
				2C2960031EB96C4B0010FDD8 /* Assets.xcassets */,
				2C2960051EB96C4B0010FDD8 /* LaunchScreen.storyboard */,
				2C2960081EB96C4B0010FDD8 /* Info.plist */,
			);
			path = HockeyAppExample;
			sourceTree = "<group>";
		};
		2C29600F1EB972960010FDD8 /* Frameworks */ = {
			isa = PBXGroup;
			children = (
				2C2960101EB972B60010FDD8 /* HockeySDK.embeddedframework */,
			);
			name = Frameworks;
			sourceTree = "<group>";
		};
		2C2960101EB972B60010FDD8 /* HockeySDK.embeddedframework */ = {
			isa = PBXGroup;
			children = (
				2C2960111EB972B60010FDD8 /* HockeySDK.framework */,
				2C2960121EB972B60010FDD8 /* HockeySDKResources.bundle */,
			);
			name = HockeySDK.embeddedframework;
			path = "HockeySDK-iOS/HockeySDK.embeddedframework";
			sourceTree = "<group>";
		};
/* End PBXGroup section */

/* Begin PBXNativeTarget section */
		2C295FF81EB96C4B0010FDD8 /* HockeyAppExample */ = {
			isa = PBXNativeTarget;
			buildConfigurationList = 2C29600B1EB96C4B0010FDD8 /* Build configuration list for PBXNativeTarget "HockeyAppExample" */;
			buildPhases = (
				2C295FF51EB96C4B0010FDD8 /* Sources */,
				2C295FF61EB96C4B0010FDD8 /* Frameworks */,
				2C295FF71EB96C4B0010FDD8 /* Resources */,
				2C29600E1EB96EDE0010FDD8 /* ShellScript */,
			);
			buildRules = (
			);
			dependencies = (
			);
			name = HockeyAppExample;
			productName = HockeyAppExample;
			productReference = 2C295FF91EB96C4B0010FDD8 /* HockeyAppExample.app */;
			productType = "com.apple.product-type.application";
		};
/* End PBXNativeTarget section */

/* Begin PBXProject section */
		2C295FF11EB96C4B0010FDD8 /* Project object */ = {
			isa = PBXProject;
			attributes = {
				LastSwiftUpdateCheck = 0830;
				LastUpgradeCheck = 0830;
				ORGANIZATIONNAME = "Marcus Grant";
				TargetAttributes = {
					2C295FF81EB96C4B0010FDD8 = {
						CreatedOnToolsVersion = 8.3.1;
						DevelopmentTeam = EY2GX6DLS6;
						ProvisioningStyle = Automatic;
					};
				};
			};
			buildConfigurationList = 2C295FF41EB96C4B0010FDD8 /* Build configuration list for PBXProject "HockeyAppExample" */;
			compatibilityVersion = "Xcode 3.2";
			developmentRegion = English;
			hasScannedForEncodings = 0;
			knownRegions = (
				en,
				Base,
			);
			mainGroup = 2C295FF01EB96C4B0010FDD8;
			productRefGroup = 2C295FFA1EB96C4B0010FDD8 /* Products */;
			projectDirPath = "";
			projectRoot = "";
			targets = (
				2C295FF81EB96C4B0010FDD8 /* HockeyAppExample */,
			);
		};
/* End PBXProject section */

/* Begin PBXResourcesBuildPhase section */
		2C295FF71EB96C4B0010FDD8 /* Resources */ = {
			isa = PBXResourcesBuildPhase;
			buildActionMask = 2147483647;
			files = (
				2C2960071EB96C4B0010FDD8 /* LaunchScreen.storyboard in Resources */,
				2C2960141EB972B60010FDD8 /* HockeySDKResources.bundle in Resources */,
				2C2960041EB96C4B0010FDD8 /* Assets.xcassets in Resources */,
				2C2960021EB96C4B0010FDD8 /* Main.storyboard in Resources */,
			);
			runOnlyForDeploymentPostprocessing = 0;
		};
/* End PBXResourcesBuildPhase section */

/* Begin PBXShellScriptBuildPhase section */
		2C29600E1EB96EDE0010FDD8 /* ShellScript */ = {
			isa = PBXShellScriptBuildPhase;
			buildActionMask = 2147483647;
			files = (
			);
			inputPaths = (
			);
			outputPaths = (
			);
			runOnlyForDeploymentPostprocessing = 0;
			shellPath = /bin/sh;
			shellScript = "FILE=\"${SRCROOT}/HockeySDK-iOS/BuildAgent\"\nif [ -f \"$FILE\" ]; then\n\"$FILE\"\nfi";
		};
/* End PBXShellScriptBuildPhase section */

/* Begin PBXSourcesBuildPhase section */
		2C295FF51EB96C4B0010FDD8 /* Sources */ = {
			isa = PBXSourcesBuildPhase;
			buildActionMask = 2147483647;
			files = (
				2C295FFF1EB96C4B0010FDD8 /* ViewController.swift in Sources */,
				2C295FFD1EB96C4B0010FDD8 /* AppDelegate.swift in Sources */,
			);
			runOnlyForDeploymentPostprocessing = 0;
		};
/* End PBXSourcesBuildPhase section */

/* Begin PBXVariantGroup section */
		2C2960001EB96C4B0010FDD8 /* Main.storyboard */ = {
			isa = PBXVariantGroup;
			children = (
				2C2960011EB96C4B0010FDD8 /* Base */,
			);
			name = Main.storyboard;
			sourceTree = "<group>";
		};
		2C2960051EB96C4B0010FDD8 /* LaunchScreen.storyboard */ = {
			isa = PBXVariantGroup;
			children = (
				2C2960061EB96C4B0010FDD8 /* Base */,
			);
			name = LaunchScreen.storyboard;
			sourceTree = "<group>";
		};
/* End PBXVariantGroup section */

/* Begin XCBuildConfiguration section */
		2C2960091EB96C4B0010FDD8 /* Debug */ = {
			isa = XCBuildConfiguration;
			buildSettings = {
				ALWAYS_SEARCH_USER_PATHS = NO;
				CLANG_ANALYZER_NONNULL = YES;
				CLANG_ANALYZER_NUMBER_OBJECT_CONVERSION = YES_AGGRESSIVE;
				CLANG_CXX_LANGUAGE_STANDARD = "gnu++0x";
				CLANG_CXX_LIBRARY = "libc++";
				CLANG_ENABLE_MODULES = YES;
				CLANG_ENABLE_OBJC_ARC = YES;
				CLANG_WARN_BOOL_CONVERSION = YES;
				CLANG_WARN_CONSTANT_CONVERSION = YES;
				CLANG_WARN_DIRECT_OBJC_ISA_USAGE = YES_ERROR;
				CLANG_WARN_DOCUMENTATION_COMMENTS = YES;
				CLANG_WARN_EMPTY_BODY = YES;
				CLANG_WARN_ENUM_CONVERSION = YES;
				CLANG_WARN_INFINITE_RECURSION = YES;
				CLANG_WARN_INT_CONVERSION = YES;
				CLANG_WARN_OBJC_ROOT_CLASS = YES_ERROR;
				CLANG_WARN_SUSPICIOUS_MOVE = YES;
				CLANG_WARN_UNREACHABLE_CODE = YES;
				CLANG_WARN__DUPLICATE_METHOD_MATCH = YES;
				"CODE_SIGN_IDENTITY[sdk=iphoneos*]" = "iPhone Developer";
				COPY_PHASE_STRIP = NO;
				DEBUG_INFORMATION_FORMAT = dwarf;
				ENABLE_STRICT_OBJC_MSGSEND = YES;
				ENABLE_TESTABILITY = YES;
				GCC_C_LANGUAGE_STANDARD = gnu99;
				GCC_DYNAMIC_NO_PIC = NO;
				GCC_NO_COMMON_BLOCKS = YES;
				GCC_OPTIMIZATION_LEVEL = 0;
				GCC_PREPROCESSOR_DEFINITIONS = (
					"DEBUG=1",
					"$(inherited)",
				);
				GCC_WARN_64_TO_32_BIT_CONVERSION = YES;
				GCC_WARN_ABOUT_RETURN_TYPE = YES_ERROR;
				GCC_WARN_UNDECLARED_SELECTOR = YES;
				GCC_WARN_UNINITIALIZED_AUTOS = YES_AGGRESSIVE;
				GCC_WARN_UNUSED_FUNCTION = YES;
				GCC_WARN_UNUSED_VARIABLE = YES;
				IPHONEOS_DEPLOYMENT_TARGET = 10.3;
				MTL_ENABLE_DEBUG_INFO = YES;
				ONLY_ACTIVE_ARCH = YES;
				SDKROOT = iphoneos;
				SWIFT_ACTIVE_COMPILATION_CONDITIONS = DEBUG;
				SWIFT_OPTIMIZATION_LEVEL = "-Onone";
			};
			name = Debug;
		};
		2C29600A1EB96C4B0010FDD8 /* Release */ = {
			isa = XCBuildConfiguration;
			buildSettings = {
				ALWAYS_SEARCH_USER_PATHS = NO;
				CLANG_ANALYZER_NONNULL = YES;
				CLANG_ANALYZER_NUMBER_OBJECT_CONVERSION = YES_AGGRESSIVE;
				CLANG_CXX_LANGUAGE_STANDARD = "gnu++0x";
				CLANG_CXX_LIBRARY = "libc++";
				CLANG_ENABLE_MODULES = YES;
				CLANG_ENABLE_OBJC_ARC = YES;
				CLANG_WARN_BOOL_CONVERSION = YES;
				CLANG_WARN_CONSTANT_CONVERSION = YES;
				CLANG_WARN_DIRECT_OBJC_ISA_USAGE = YES_ERROR;
				CLANG_WARN_DOCUMENTATION_COMMENTS = YES;
				CLANG_WARN_EMPTY_BODY = YES;
				CLANG_WARN_ENUM_CONVERSION = YES;
				CLANG_WARN_INFINITE_RECURSION = YES;
				CLANG_WARN_INT_CONVERSION = YES;
				CLANG_WARN_OBJC_ROOT_CLASS = YES_ERROR;
				CLANG_WARN_SUSPICIOUS_MOVE = YES;
				CLANG_WARN_UNREACHABLE_CODE = YES;
				CLANG_WARN__DUPLICATE_METHOD_MATCH = YES;
				"CODE_SIGN_IDENTITY[sdk=iphoneos*]" = "iPhone Developer";
				COPY_PHASE_STRIP = NO;
				DEBUG_INFORMATION_FORMAT = "dwarf-with-dsym";
				ENABLE_NS_ASSERTIONS = NO;
				ENABLE_STRICT_OBJC_MSGSEND = YES;
				GCC_C_LANGUAGE_STANDARD = gnu99;
				GCC_NO_COMMON_BLOCKS = YES;
				GCC_WARN_64_TO_32_BIT_CONVERSION = YES;
				GCC_WARN_ABOUT_RETURN_TYPE = YES_ERROR;
				GCC_WARN_UNDECLARED_SELECTOR = YES;
				GCC_WARN_UNINITIALIZED_AUTOS = YES_AGGRESSIVE;
				GCC_WARN_UNUSED_FUNCTION = YES;
				GCC_WARN_UNUSED_VARIABLE = YES;
				IPHONEOS_DEPLOYMENT_TARGET = 10.3;
				MTL_ENABLE_DEBUG_INFO = NO;
				SDKROOT = iphoneos;
				SWIFT_OPTIMIZATION_LEVEL = "-Owholemodule";
				VALIDATE_PRODUCT = YES;
			};
			name = Release;
		};
		2C29600C1EB96C4B0010FDD8 /* Debug */ = {
			isa = XCBuildConfiguration;
			buildSettings = {
				ASSETCATALOG_COMPILER_APPICON_NAME = AppIcon;
				DEVELOPMENT_TEAM = EY2GX6DLS6;
				FRAMEWORK_SEARCH_PATHS = (
					"$(inherited)",
					"$(PROJECT_DIR)/HockeySDK-iOS/HockeySDK.embeddedframework",
				);
				INFOPLIST_FILE = HockeyAppExample/Info.plist;
				LD_RUNPATH_SEARCH_PATHS = "$(inherited) @executable_path/Frameworks";
				PRODUCT_BUNDLE_IDENTIFIER = method.HockeyAppExample;
				PRODUCT_NAME = "$(TARGET_NAME)";
				SWIFT_VERSION = 3.0;
			};
			name = Debug;
		};
		2C29600D1EB96C4B0010FDD8 /* Release */ = {
			isa = XCBuildConfiguration;
			buildSettings = {
				ASSETCATALOG_COMPILER_APPICON_NAME = AppIcon;
				DEVELOPMENT_TEAM = EY2GX6DLS6;
				FRAMEWORK_SEARCH_PATHS = (
					"$(inherited)",
					"$(PROJECT_DIR)/HockeySDK-iOS/HockeySDK.embeddedframework",
				);
				INFOPLIST_FILE = HockeyAppExample/Info.plist;
				LD_RUNPATH_SEARCH_PATHS = "$(inherited) @executable_path/Frameworks";
				PRODUCT_BUNDLE_IDENTIFIER = method.HockeyAppExample;
				PRODUCT_NAME = "$(TARGET_NAME)";
				SWIFT_VERSION = 3.0;
			};
			name = Release;
		};
/* End XCBuildConfiguration section */

/* Begin XCConfigurationList section */
		2C295FF41EB96C4B0010FDD8 /* Build configuration list for PBXProject "HockeyAppExample" */ = {
			isa = XCConfigurationList;
			buildConfigurations = (
				2C2960091EB96C4B0010FDD8 /* Debug */,
				2C29600A1EB96C4B0010FDD8 /* Release */,
			);
			defaultConfigurationIsVisible = 0;
			defaultConfigurationName = Release;
		};
		2C29600B1EB96C4B0010FDD8 /* Build configuration list for PBXNativeTarget "HockeyAppExample" */ = {
			isa = XCConfigurationList;
			buildConfigurations = (
				2C29600C1EB96C4B0010FDD8 /* Debug */,
				2C29600D1EB96C4B0010FDD8 /* Release */,
			);
			defaultConfigurationIsVisible = 0;
		};
/* End XCConfigurationList section */
	};
	rootObject = 2C295FF11EB96C4B0010FDD8 /* Project object */;
}
